
Microsoft Visual Studio Solution File, Format Version 12.00
# Visual Studio Version 17
VisualStudioVersion = 17.11.35303.130
MinimumVisualStudioVersion = 10.0.40219.1
Project("{FAE04EC0-301F-11D3-BF4B-00C04F79EFBC}") = "Mastermind2_EmreKayaPXL", "Mastermind2_EmreKayaPXL\Mastermind2_EmreKayaPXL.csproj", "{316CFC4A-48CA-45EC-B236-38F616F7DF4F}"
EndProject
Global
	GlobalSection(SolutionConfigurationPlatforms) = preSolution
		Debug|Any CPU = Debug|Any CPU
		Release|Any CPU = Release|Any CPU
	EndGlobalSection
	GlobalSection(ProjectConfigurationPlatforms) = postSolution
		{316CFC4A-48CA-45EC-B236-38F616F7DF4F}.Debug|Any CPU.ActiveCfg = Debug|Any CPU
		{316CFC4A-48CA-45EC-B236-38F616F7DF4F}.Debug|Any CPU.Build.0 = Debug|Any CPU
		{316CFC4A-48CA-45EC-B236-38F616F7DF4F}.Release|Any CPU.ActiveCfg = Release|Any CPU
		{316CFC4A-48CA-45EC-B236-38F616F7DF4F}.Release|Any CPU.Build.0 = Release|Any CPU
	EndGlobalSection
	GlobalSection(SolutionProperties) = preSolution
		HideSolutionNode = FALSE
	EndGlobalSection
	GlobalSection(ExtensibilityGlobals) = postSolution
		SolutionGuid = {FB6A78B5-3B28-4ABC-9928-2815747AE8A9}
	EndGlobalSection
EndGlobal
